lockfileVersion: '9.0'

settings:
  autoInstallPeers: true
  excludeLinksFromLockfile: false

importers:

  .:
    dependencies:
      '@unocss/preset-attributify':
        specifier: ^66.5.10
        version: 66.5.10
      '@unocss/preset-wind4':
        specifier: ^66.5.10
        version: 66.5.10

packages:

  '@jridgewell/sourcemap-codec@1.5.5':
    resolution: {integrity: sha512-cYQ9310grqxueWbl+WuIUIaiUaDcj7WOq5fVhEljNVgRfOUhY9fy2zTvfoqWsnebh8Sl70VScFbICvJnLKB0Og==}

  '@unocss/core@66.5.10':
    resolution: {integrity: sha512-SEmPE4pWNn9VcCvZqovPwFGuG/j69W3zh+x1Ky4z/I2pnyoB0Y0lBmq22KVu/dwExe+ZKKTQpxa0j5rbE27rDQ==}

  '@unocss/extractor-arbitrary-variants@66.5.10':
    resolution: {integrity: sha512-9JsAY1a68WZaIbSiwQa7LLAO+t4T5nnhgmNxY3MGaK58k6Qa9ayZb4AG4fqOpw+Zn8tmKd7yXJ0s+27sx1n2BA==}

  '@unocss/preset-attributify@66.5.10':
    resolution: {integrity: sha512-dEFs8kXC9xoqolQBFvtgXvdzWQqHoWqSj/eosX2oDmy8REk7UErpBvMmqR4pCP7mqdtG8yZ2l34Gtb42hDM3JA==}

  '@unocss/preset-wind4@66.5.10':
    resolution: {integrity: sha512-PXLxEcYJUsysQvK4xj3iA7plvq5RcAt9S1vLlOmBtl2X66dWU6XqiGEu7lLfqoypip1bPCOGlRB7HbfMuQpftQ==}

  '@unocss/rule-utils@66.5.10':
    resolution: {integrity: sha512-497GPWZpArNG25cto0Yq3/Yw+i0x7/N/ySq1HHeE3lB43sdmCv6+m6QEv14I/9/e5WJhQOmrY5LmHZYXC7xxMw==}
    engines: {node: '>=14'}

  magic-string@0.30.21:
    resolution: {integrity: sha512-vd2F4YUyEXKGcLHoq+TEyCjxueSeHnFxyyjNp80yg0XV4vUhnDer/lvvlqM/arB5bXQN5K2/3oinyCRyx8T2CQ==}

snapshots:

  '@jridgewell/sourcemap-codec@1.5.5': {}

  '@unocss/core@66.5.10': {}

  '@unocss/extractor-arbitrary-variants@66.5.10':
    dependencies:
      '@unocss/core': 66.5.10

  '@unocss/preset-attributify@66.5.10':
    dependencies:
      '@unocss/core': 66.5.10

  '@unocss/preset-wind4@66.5.10':
    dependencies:
      '@unocss/core': 66.5.10
      '@unocss/extractor-arbitrary-variants': 66.5.10
      '@unocss/rule-utils': 66.5.10

  '@unocss/rule-utils@66.5.10':
    dependencies:
      '@unocss/core': 66.5.10
      magic-string: 0.30.21

  magic-string@0.30.21:
    dependencies:
      '@jridgewell/sourcemap-codec': 1.5.5
